
Microsoft Visual Studio Solution File, Format Version 12.00
# Visual Studio Version 17
VisualStudioVersion = 17.0.31903.59
MinimumVisualStudioVersion = 10.0.40219.1
Project("{FAE04EC0-301F-11D3-BF4B-00C04F79EFBC}") = "BlazeCard", "BlazeCard\BlazeCard.csproj", "{D990555F-BBA8-46FF-ADE2-01CF1F8DB5BA}"
EndProject
Project("{FAE04EC0-301F-11D3-BF4B-00C04F79EFBC}") = "BlazeCard.Tests", "BlazeCard.Tests\BlazeCard.Tests.csproj", "{28E640A8-E726-4D1D-847D-FEB1FB585352}"
EndProject
Global
	GlobalSection(SolutionConfigurationPlatforms) = preSolution
		Debug|Any CPU = Debug|Any CPU
		Debug|x64 = Debug|x64
		Debug|x86 = Debug|x86
		Release|Any CPU = Release|Any CPU
		Release|x64 = Release|x64
		Release|x86 = Release|x86
	EndGlobalSection
	GlobalSection(ProjectConfigurationPlatforms) = postSolution
		{D990555F-BBA8-46FF-ADE2-01CF1F8DB5BA}.Debug|Any CPU.ActiveCfg = Debug|Any CPU
		{D990555F-BBA8-46FF-ADE2-01CF1F8DB5BA}.Debug|Any CPU.Build.0 = Debug|Any CPU
		{D990555F-BBA8-46FF-ADE2-01CF1F8DB5BA}.Debug|x64.ActiveCfg = Debug|Any CPU
		{D990555F-BBA8-46FF-ADE2-01CF1F8DB5BA}.Debug|x64.Build.0 = Debug|Any CPU
		{D990555F-BBA8-46FF-ADE2-01CF1F8DB5BA}.Debug|x86.ActiveCfg = Debug|Any CPU
		{D990555F-BBA8-46FF-ADE2-01CF1F8DB5BA}.Debug|x86.Build.0 = Debug|Any CPU
		{D990555F-BBA8-46FF-ADE2-01CF1F8DB5BA}.Release|Any CPU.ActiveCfg = Release|Any CPU
		{D990555F-BBA8-46FF-ADE2-01CF1F8DB5BA}.Release|Any CPU.Build.0 = Release|Any CPU
		{D990555F-BBA8-46FF-ADE2-01CF1F8DB5BA}.Release|x64.ActiveCfg = Release|Any CPU
		{D990555F-BBA8-46FF-ADE2-01CF1F8DB5BA}.Release|x64.Build.0 = Release|Any CPU
		{D990555F-BBA8-46FF-ADE2-01CF1F8DB5BA}.Release|x86.ActiveCfg = Release|Any CPU
		{D990555F-BBA8-46FF-ADE2-01CF1F8DB5BA}.Release|x86.Build.0 = Release|Any CPU
		{28E640A8-E726-4D1D-847D-FEB1FB585352}.Debug|Any CPU.ActiveCfg = Debug|Any CPU
		{28E640A8-E726-4D1D-847D-FEB1FB585352}.Debug|Any CPU.Build.0 = Debug|Any CPU
		{28E640A8-E726-4D1D-847D-FEB1FB585352}.Debug|x64.ActiveCfg = Debug|Any CPU
		{28E640A8-E726-4D1D-847D-FEB1FB585352}.Debug|x64.Build.0 = Debug|Any CPU
		{28E640A8-E726-4D1D-847D-FEB1FB585352}.Debug|x86.ActiveCfg = Debug|Any CPU
		{28E640A8-E726-4D1D-847D-FEB1FB585352}.Debug|x86.Build.0 = Debug|Any CPU
		{28E640A8-E726-4D1D-847D-FEB1FB585352}.Release|Any CPU.ActiveCfg = Release|Any CPU
		{28E640A8-E726-4D1D-847D-FEB1FB585352}.Release|Any CPU.Build.0 = Release|Any CPU
		{28E640A8-E726-4D1D-847D-FEB1FB585352}.Release|x64.ActiveCfg = Release|Any CPU
		{28E640A8-E726-4D1D-847D-FEB1FB585352}.Release|x64.Build.0 = Release|Any CPU
		{28E640A8-E726-4D1D-847D-FEB1FB585352}.Release|x86.ActiveCfg = Release|Any CPU
		{28E640A8-E726-4D1D-847D-FEB1FB585352}.Release|x86.Build.0 = Release|Any CPU
	EndGlobalSection
	GlobalSection(SolutionProperties) = preSolution
		HideSolutionNode = FALSE
	EndGlobalSection
EndGlobal
